<?xml version="1.0" encoding="utf-8"?>
<Project ToolsVersion="4.0" xmlns="http://schemas.microsoft.com/developer/msbuild/2003">
  <ItemGroup>
    <Filter Include="Source Files">
      <UniqueIdentifier>{4FC737F1-C7A5-4376-A066-2A32D752A2FF}</UniqueIdentifier>
      <Extensions>cpp;c;cc;cxx;def;odl;idl;hpj;bat;asm;asmx</Extensions>
    </Filter>
    <Filter Include="Header Files">
      <UniqueIdentifier>{93995380-89BD-4b04-88EB-625FBE52EBFB}</UniqueIdentifier>
      <Extensions>h;hh;hpp;hxx;hm;inl;inc;ipp;xsd</Extensions>
    </Filter>
    <Filter Include="Resource Files">
      <UniqueIdentifier>{67DA6AB6-F800-4c08-8B7A-83BB121AAD01}</UniqueIdentifier>
      <Extensions>rc;ico;cur;bmp;dlg;rc2;rct;bin;rgs;gif;jpg;jpeg;jpe;resx;tiff;tif;png;wav;mfcribbon-ms</Extensions>
    </Filter>
  </ItemGroup>
  <ItemGroup>
    <ClInclude Include="..\..\libyuv\basic_types.h">
      <Filter>Header Files</Filter>
    </ClInclude>
    <ClInclude Include="..\..\libyuv\compare.h">
      <Filter>Header Files</Filter>
    </ClInclude>
    <ClInclude Include="..\..\libyuv\compare_row.h">
      <Filter>Header Files</Filter>
    </ClInclude>
    <ClInclude Include="..\..\libyuv\convert.h">
      <Filter>Header Files</Filter>
    </ClInclude>
    <ClInclude Include="..\..\libyuv\convert_argb.h">
      <Filter>Header Files</Filter>
    </ClInclude>
    <ClInclude Include="..\..\libyuv\convert_from.h">
      <Filter>Header Files</Filter>
    </ClInclude>
    <ClInclude Include="..\..\libyuv\convert_from_argb.h">
      <Filter>Header Files</Filter>
    </ClInclude>
    <ClInclude Include="..\..\libyuv\cpu_id.h">
      <Filter>Header Files</Filter>
    </ClInclude>
    <ClInclude Include="..\..\libyuv\libyuv.h">
      <Filter>Header Files</Filter>
    </ClInclude>
    <ClInclude Include="..\..\libyuv\macros_msa.h">
      <Filter>Header Files</Filter>
    </ClInclude>
    <ClInclude Include="..\..\libyuv\mjpeg_decoder.h">
      <Filter>Header Files</Filter>
    </ClInclude>
    <ClInclude Include="..\..\libyuv\planar_functions.h">
      <Filter>Header Files</Filter>
    </ClInclude>
    <ClInclude Include="..\..\libyuv\rotate.h">
      <Filter>Header Files</Filter>
    </ClInclude>
    <ClInclude Include="..\..\libyuv\rotate_argb.h">
      <Filter>Header Files</Filter>
    </ClInclude>
    <ClInclude Include="..\..\libyuv\rotate_row.h">
      <Filter>Header Files</Filter>
    </ClInclude>
    <ClInclude Include="..\..\libyuv\row.h">
      <Filter>Header Files</Filter>
    </ClInclude>
    <ClInclude Include="..\..\libyuv\scale.h">
      <Filter>Header Files</Filter>
    </ClInclude>
    <ClInclude Include="..\..\libyuv\scale_argb.h">
      <Filter>Header Files</Filter>
    </ClInclude>
    <ClInclude Include="..\..\libyuv\scale_row.h">
      <Filter>Header Files</Filter>
    </ClInclude>
    <ClInclude Include="..\..\libyuv\version.h">
      <Filter>Header Files</Filter>
    </ClInclude>
    <ClInclude Include="..\..\libyuv\video_common.h">
      <Filter>Header Files</Filter>
    </ClInclude>
  </ItemGroup>
  <ItemGroup>
    <ClCompile Include="..\..\libyuv\compare.cc">
      <Filter>Source Files</Filter>
    </ClCompile>
    <ClCompile Include="..\..\libyuv\compare_common.cc">
      <Filter>Source Files</Filter>
    </ClCompile>
    <ClCompile Include="..\..\libyuv\compare_gcc.cc">
      <Filter>Source Files</Filter>
    </ClCompile>
    <ClCompile Include="..\..\libyuv\compare_msa.cc">
      <Filter>Source Files</Filter>
    </ClCompile>
    <ClCompile Include="..\..\libyuv\compare_neon.cc">
      <Filter>Source Files</Filter>
    </ClCompile>
    <ClCompile Include="..\..\libyuv\compare_neon64.cc">
      <Filter>Source Files</Filter>
    </ClCompile>
    <ClCompile Include="..\..\libyuv\compare_win.cc">
      <Filter>Source Files</Filter>
    </ClCompile>
    <ClCompile Include="..\..\libyuv\convert.cc">
      <Filter>Source Files</Filter>
    </ClCompile>
    <ClCompile Include="..\..\libyuv\convert_argb.cc">
      <Filter>Source Files</Filter>
    </ClCompile>
    <ClCompile Include="..\..\libyuv\convert_from.cc">
      <Filter>Source Files</Filter>
    </ClCompile>
    <ClCompile Include="..\..\libyuv\convert_from_argb.cc">
      <Filter>Source Files</Filter>
    </ClCompile>
    <ClCompile Include="..\..\libyuv\convert_jpeg.cc">
      <Filter>Source Files</Filter>
    </ClCompile>
    <ClCompile Include="..\..\libyuv\convert_to_argb.cc">
      <Filter>Source Files</Filter>
    </ClCompile>
    <ClCompile Include="..\..\libyuv\convert_to_i420.cc">
      <Filter>Source Files</Filter>
    </ClCompile>
    <ClCompile Include="..\..\libyuv\cpu_id.cc">
      <Filter>Source Files</Filter>
    </ClCompile>
    <ClCompile Include="..\..\libyuv\mjpeg_decoder.cc">
      <Filter>Source Files</Filter>
    </ClCompile>
    <ClCompile Include="..\..\libyuv\mjpeg_validate.cc">
      <Filter>Source Files</Filter>
    </ClCompile>
    <ClCompile Include="..\..\libyuv\planar_functions.cc">
      <Filter>Source Files</Filter>
    </ClCompile>
    <ClCompile Include="..\..\libyuv\rotate.cc">
      <Filter>Source Files</Filter>
    </ClCompile>
    <ClCompile Include="..\..\libyuv\rotate_any.cc">
      <Filter>Source Files</Filter>
    </ClCompile>
    <ClCompile Include="..\..\libyuv\rotate_argb.cc">
      <Filter>Source Files</Filter>
    </ClCompile>
    <ClCompile Include="..\..\libyuv\rotate_common.cc">
      <Filter>Source Files</Filter>
    </ClCompile>
    <ClCompile Include="..\..\libyuv\rotate_gcc.cc">
      <Filter>Source Files</Filter>
    </ClCompile>
    <ClCompile Include="..\..\libyuv\rotate_msa.cc">
      <Filter>Source Files</Filter>
    </ClCompile>
    <ClCompile Include="..\..\libyuv\rotate_neon.cc">
      <Filter>Source Files</Filter>
    </ClCompile>
    <ClCompile Include="..\..\libyuv\rotate_neon64.cc">
      <Filter>Source Files</Filter>
    </ClCompile>
    <ClCompile Include="..\..\libyuv\rotate_win.cc">
      <Filter>Source Files</Filter>
    </ClCompile>
    <ClCompile Include="..\..\libyuv\row_any.cc">
      <Filter>Source Files</Filter>
    </ClCompile>
    <ClCompile Include="..\..\libyuv\row_common.cc">
      <Filter>Source Files</Filter>
    </ClCompile>
    <ClCompile Include="..\..\libyuv\row_gcc.cc">
      <Filter>Source Files</Filter>
    </ClCompile>
    <ClCompile Include="..\..\libyuv\row_msa.cc">
      <Filter>Source Files</Filter>
    </ClCompile>
    <ClCompile Include="..\..\libyuv\row_neon.cc">
      <Filter>Source Files</Filter>
    </ClCompile>
    <ClCompile Include="..\..\libyuv\row_neon64.cc">
      <Filter>Source Files</Filter>
    </ClCompile>
    <ClCompile Include="..\..\libyuv\row_win.cc">
      <Filter>Source Files</Filter>
    </ClCompile>
    <ClCompile Include="..\..\libyuv\scale.cc">
      <Filter>Source Files</Filter>
    </ClCompile>
    <ClCompile Include="..\..\libyuv\scale_any.cc">
      <Filter>Source Files</Filter>
    </ClCompile>
    <ClCompile Include="..\..\libyuv\scale_argb.cc">
      <Filter>Source Files</Filter>
    </ClCompile>
    <ClCompile Include="..\..\libyuv\scale_common.cc">
      <Filter>Source Files</Filter>
    </ClCompile>
    <ClCompile Include="..\..\libyuv\scale_gcc.cc">
      <Filter>Source Files</Filter>
    </ClCompile>
    <ClCompile Include="..\..\libyuv\scale_msa.cc">
      <Filter>Source Files</Filter>
    </ClCompile>
    <ClCompile Include="..\..\libyuv\scale_neon.cc">
      <Filter>Source Files</Filter>
    </ClCompile>
    <ClCompile Include="..\..\libyuv\scale_neon64.cc">
      <Filter>Source Files</Filter>
    </ClCompile>
    <ClCompile Include="..\..\libyuv\scale_win.cc">
      <Filter>Source Files</Filter>
    </ClCompile>
    <ClCompile Include="..\..\libyuv\video_common.cc">
      <Filter>Source Files</Filter>
    </ClCompile>
  </ItemGroup>
  <ItemGroup>
    <Text Include="..\..\libyuv\ReadMe.txt" />
  </ItemGroup>
</Project>