
Microsoft Visual Studio Solution File, Format Version 12.00
# Visual Studio 15
VisualStudioVersion = 15.0.26430.15
MinimumVisualStudioVersion = 10.0.40219.1
Project("{8BC9CEB8-8B4A-11D0-8D11-00A0C91BC942}") = "libUtil", "libUtil\libUtil.vcxproj", "{4AC54B17-538A-4951-A680-D90A3FE95218}"
EndProject
Project("{8BC9CEB8-8B4A-11D0-8D11-00A0C91BC942}") = "libyuv", "libyuv\libyuv.vcxproj", "{F2FEBFC0-5FE9-46EA-8022-4330A1121A4E}"
EndProject
Project("{8BC9CEB8-8B4A-11D0-8D11-00A0C91BC942}") = "libCap", "libCap\libCap.vcxproj", "{FB164C16-DC5F-4E4C-8590-6E861AEEEA19}"
	ProjectSection(ProjectDependencies) = postProject
		{4AC54B17-538A-4951-A680-D90A3FE95218} = {4AC54B17-538A-4951-A680-D90A3FE95218}
		{F2FEBFC0-5FE9-46EA-8022-4330A1121A4E} = {F2FEBFC0-5FE9-46EA-8022-4330A1121A4E}
		{A8AF67C6-DBB9-4D70-BFA0-3F3F644F7069} = {A8AF67C6-DBB9-4D70-BFA0-3F3F644F7069}
	EndProjectSection
EndProject
Project("{8BC9CEB8-8B4A-11D0-8D11-00A0C91BC942}") = "libCfg", "libCfg\libCfg.vcxproj", "{A8AF67C6-DBB9-4D70-BFA0-3F3F644F7069}"
	ProjectSection(ProjectDependencies) = postProject
		{4AC54B17-538A-4951-A680-D90A3FE95218} = {4AC54B17-538A-4951-A680-D90A3FE95218}
	EndProjectSection
EndProject
Project("{8BC9CEB8-8B4A-11D0-8D11-00A0C91BC942}") = "libGui", "libGui\libGui.vcxproj", "{B72D41F8-AE9A-424E-BD47-463F6508EE83}"
	ProjectSection(ProjectDependencies) = postProject
		{4AC54B17-538A-4951-A680-D90A3FE95218} = {4AC54B17-538A-4951-A680-D90A3FE95218}
		{F2FEBFC0-5FE9-46EA-8022-4330A1121A4E} = {F2FEBFC0-5FE9-46EA-8022-4330A1121A4E}
		{A8AF67C6-DBB9-4D70-BFA0-3F3F644F7069} = {A8AF67C6-DBB9-4D70-BFA0-3F3F644F7069}
	EndProjectSection
EndProject
Project("{8BC9CEB8-8B4A-11D0-8D11-00A0C91BC942}") = "unitTest", "unitTest\unitTest.vcxproj", "{2B937570-096A-484D-8E8D-849F7F6AC76A}"
	ProjectSection(ProjectDependencies) = postProject
		{FB164C16-DC5F-4E4C-8590-6E861AEEEA19} = {FB164C16-DC5F-4E4C-8590-6E861AEEEA19}
		{4AC54B17-538A-4951-A680-D90A3FE95218} = {4AC54B17-538A-4951-A680-D90A3FE95218}
		{D4EE2424-29CF-48DB-B65C-6A92DBDC9717} = {D4EE2424-29CF-48DB-B65C-6A92DBDC9717}
		{1C03E840-D828-4115-AECF-D80A591C94E8} = {1C03E840-D828-4115-AECF-D80A591C94E8}
		{FEA6888F-FA6A-40A7-9C94-A9CCF78E393D} = {FEA6888F-FA6A-40A7-9C94-A9CCF78E393D}
		{F2FEBFC0-5FE9-46EA-8022-4330A1121A4E} = {F2FEBFC0-5FE9-46EA-8022-4330A1121A4E}
		{A8AF67C6-DBB9-4D70-BFA0-3F3F644F7069} = {A8AF67C6-DBB9-4D70-BFA0-3F3F644F7069}
		{B72D41F8-AE9A-424E-BD47-463F6508EE83} = {B72D41F8-AE9A-424E-BD47-463F6508EE83}
	EndProjectSection
EndProject
Project("{8BC9CEB8-8B4A-11D0-8D11-00A0C91BC942}") = "libDc", "libDc\libDc.vcxproj", "{FEA6888F-FA6A-40A7-9C94-A9CCF78E393D}"
	ProjectSection(ProjectDependencies) = postProject
		{4AC54B17-538A-4951-A680-D90A3FE95218} = {4AC54B17-538A-4951-A680-D90A3FE95218}
		{F2FEBFC0-5FE9-46EA-8022-4330A1121A4E} = {F2FEBFC0-5FE9-46EA-8022-4330A1121A4E}
		{A8AF67C6-DBB9-4D70-BFA0-3F3F644F7069} = {A8AF67C6-DBB9-4D70-BFA0-3F3F644F7069}
	EndProjectSection
EndProject
Project("{8BC9CEB8-8B4A-11D0-8D11-00A0C91BC942}") = "libRun", "libRun\libRun.vcxproj", "{D4EE2424-29CF-48DB-B65C-6A92DBDC9717}"
	ProjectSection(ProjectDependencies) = postProject
		{FB164C16-DC5F-4E4C-8590-6E861AEEEA19} = {FB164C16-DC5F-4E4C-8590-6E861AEEEA19}
		{4AC54B17-538A-4951-A680-D90A3FE95218} = {4AC54B17-538A-4951-A680-D90A3FE95218}
		{1C03E840-D828-4115-AECF-D80A591C94E8} = {1C03E840-D828-4115-AECF-D80A591C94E8}
		{FEA6888F-FA6A-40A7-9C94-A9CCF78E393D} = {FEA6888F-FA6A-40A7-9C94-A9CCF78E393D}
		{F2FEBFC0-5FE9-46EA-8022-4330A1121A4E} = {F2FEBFC0-5FE9-46EA-8022-4330A1121A4E}
		{A8AF67C6-DBB9-4D70-BFA0-3F3F644F7069} = {A8AF67C6-DBB9-4D70-BFA0-3F3F644F7069}
		{B72D41F8-AE9A-424E-BD47-463F6508EE83} = {B72D41F8-AE9A-424E-BD47-463F6508EE83}
	EndProjectSection
EndProject
Project("{8BC9CEB8-8B4A-11D0-8D11-00A0C91BC942}") = "libDsp", "libDsp\libDsp.vcxproj", "{1C03E840-D828-4115-AECF-D80A591C94E8}"
	ProjectSection(ProjectDependencies) = postProject
		{4AC54B17-538A-4951-A680-D90A3FE95218} = {4AC54B17-538A-4951-A680-D90A3FE95218}
		{FEA6888F-FA6A-40A7-9C94-A9CCF78E393D} = {FEA6888F-FA6A-40A7-9C94-A9CCF78E393D}
		{F2FEBFC0-5FE9-46EA-8022-4330A1121A4E} = {F2FEBFC0-5FE9-46EA-8022-4330A1121A4E}
		{A8AF67C6-DBB9-4D70-BFA0-3F3F644F7069} = {A8AF67C6-DBB9-4D70-BFA0-3F3F644F7069}
	EndProjectSection
EndProject
Global
	GlobalSection(SolutionConfigurationPlatforms) = preSolution
		Debug|x64 = Debug|x64
		Debug|x86 = Debug|x86
		Release|x64 = Release|x64
		Release|x86 = Release|x86
	EndGlobalSection
	GlobalSection(ProjectConfigurationPlatforms) = postSolution
		{4AC54B17-538A-4951-A680-D90A3FE95218}.Debug|x64.ActiveCfg = Debug|x64
		{4AC54B17-538A-4951-A680-D90A3FE95218}.Debug|x64.Build.0 = Debug|x64
		{4AC54B17-538A-4951-A680-D90A3FE95218}.Debug|x86.ActiveCfg = Debug|Win32
		{4AC54B17-538A-4951-A680-D90A3FE95218}.Debug|x86.Build.0 = Debug|Win32
		{4AC54B17-538A-4951-A680-D90A3FE95218}.Release|x64.ActiveCfg = Release|x64
		{4AC54B17-538A-4951-A680-D90A3FE95218}.Release|x64.Build.0 = Release|x64
		{4AC54B17-538A-4951-A680-D90A3FE95218}.Release|x86.ActiveCfg = Release|Win32
		{4AC54B17-538A-4951-A680-D90A3FE95218}.Release|x86.Build.0 = Release|Win32
		{F2FEBFC0-5FE9-46EA-8022-4330A1121A4E}.Debug|x64.ActiveCfg = Debug|x64
		{F2FEBFC0-5FE9-46EA-8022-4330A1121A4E}.Debug|x64.Build.0 = Debug|x64
		{F2FEBFC0-5FE9-46EA-8022-4330A1121A4E}.Debug|x86.ActiveCfg = Debug|Win32
		{F2FEBFC0-5FE9-46EA-8022-4330A1121A4E}.Debug|x86.Build.0 = Debug|Win32
		{F2FEBFC0-5FE9-46EA-8022-4330A1121A4E}.Release|x64.ActiveCfg = Release|x64
		{F2FEBFC0-5FE9-46EA-8022-4330A1121A4E}.Release|x64.Build.0 = Release|x64
		{F2FEBFC0-5FE9-46EA-8022-4330A1121A4E}.Release|x86.ActiveCfg = Release|Win32
		{F2FEBFC0-5FE9-46EA-8022-4330A1121A4E}.Release|x86.Build.0 = Release|Win32
		{FB164C16-DC5F-4E4C-8590-6E861AEEEA19}.Debug|x64.ActiveCfg = Debug|x64
		{FB164C16-DC5F-4E4C-8590-6E861AEEEA19}.Debug|x64.Build.0 = Debug|x64
		{FB164C16-DC5F-4E4C-8590-6E861AEEEA19}.Debug|x86.ActiveCfg = Debug|Win32
		{FB164C16-DC5F-4E4C-8590-6E861AEEEA19}.Debug|x86.Build.0 = Debug|Win32
		{FB164C16-DC5F-4E4C-8590-6E861AEEEA19}.Release|x64.ActiveCfg = Release|x64
		{FB164C16-DC5F-4E4C-8590-6E861AEEEA19}.Release|x64.Build.0 = Release|x64
		{FB164C16-DC5F-4E4C-8590-6E861AEEEA19}.Release|x86.ActiveCfg = Release|Win32
		{FB164C16-DC5F-4E4C-8590-6E861AEEEA19}.Release|x86.Build.0 = Release|Win32
		{A8AF67C6-DBB9-4D70-BFA0-3F3F644F7069}.Debug|x64.ActiveCfg = Debug|x64
		{A8AF67C6-DBB9-4D70-BFA0-3F3F644F7069}.Debug|x64.Build.0 = Debug|x64
		{A8AF67C6-DBB9-4D70-BFA0-3F3F644F7069}.Debug|x86.ActiveCfg = Debug|Win32
		{A8AF67C6-DBB9-4D70-BFA0-3F3F644F7069}.Debug|x86.Build.0 = Debug|Win32
		{A8AF67C6-DBB9-4D70-BFA0-3F3F644F7069}.Release|x64.ActiveCfg = Release|x64
		{A8AF67C6-DBB9-4D70-BFA0-3F3F644F7069}.Release|x64.Build.0 = Release|x64
		{A8AF67C6-DBB9-4D70-BFA0-3F3F644F7069}.Release|x86.ActiveCfg = Release|Win32
		{A8AF67C6-DBB9-4D70-BFA0-3F3F644F7069}.Release|x86.Build.0 = Release|Win32
		{B72D41F8-AE9A-424E-BD47-463F6508EE83}.Debug|x64.ActiveCfg = Debug|x64
		{B72D41F8-AE9A-424E-BD47-463F6508EE83}.Debug|x64.Build.0 = Debug|x64
		{B72D41F8-AE9A-424E-BD47-463F6508EE83}.Debug|x86.ActiveCfg = Debug|Win32
		{B72D41F8-AE9A-424E-BD47-463F6508EE83}.Debug|x86.Build.0 = Debug|Win32
		{B72D41F8-AE9A-424E-BD47-463F6508EE83}.Release|x64.ActiveCfg = Release|x64
		{B72D41F8-AE9A-424E-BD47-463F6508EE83}.Release|x64.Build.0 = Release|x64
		{B72D41F8-AE9A-424E-BD47-463F6508EE83}.Release|x86.ActiveCfg = Release|Win32
		{B72D41F8-AE9A-424E-BD47-463F6508EE83}.Release|x86.Build.0 = Release|Win32
		{2B937570-096A-484D-8E8D-849F7F6AC76A}.Debug|x64.ActiveCfg = Debug|x64
		{2B937570-096A-484D-8E8D-849F7F6AC76A}.Debug|x64.Build.0 = Debug|x64
		{2B937570-096A-484D-8E8D-849F7F6AC76A}.Debug|x86.ActiveCfg = Debug|Win32
		{2B937570-096A-484D-8E8D-849F7F6AC76A}.Debug|x86.Build.0 = Debug|Win32
		{2B937570-096A-484D-8E8D-849F7F6AC76A}.Release|x64.ActiveCfg = Release|x64
		{2B937570-096A-484D-8E8D-849F7F6AC76A}.Release|x64.Build.0 = Release|x64
		{2B937570-096A-484D-8E8D-849F7F6AC76A}.Release|x86.ActiveCfg = Release|Win32
		{2B937570-096A-484D-8E8D-849F7F6AC76A}.Release|x86.Build.0 = Release|Win32
		{FEA6888F-FA6A-40A7-9C94-A9CCF78E393D}.Debug|x64.ActiveCfg = Debug|x64
		{FEA6888F-FA6A-40A7-9C94-A9CCF78E393D}.Debug|x64.Build.0 = Debug|x64
		{FEA6888F-FA6A-40A7-9C94-A9CCF78E393D}.Debug|x86.ActiveCfg = Debug|Win32
		{FEA6888F-FA6A-40A7-9C94-A9CCF78E393D}.Debug|x86.Build.0 = Debug|Win32
		{FEA6888F-FA6A-40A7-9C94-A9CCF78E393D}.Release|x64.ActiveCfg = Release|x64
		{FEA6888F-FA6A-40A7-9C94-A9CCF78E393D}.Release|x64.Build.0 = Release|x64
		{FEA6888F-FA6A-40A7-9C94-A9CCF78E393D}.Release|x86.ActiveCfg = Release|Win32
		{FEA6888F-FA6A-40A7-9C94-A9CCF78E393D}.Release|x86.Build.0 = Release|Win32
		{D4EE2424-29CF-48DB-B65C-6A92DBDC9717}.Debug|x64.ActiveCfg = Debug|x64
		{D4EE2424-29CF-48DB-B65C-6A92DBDC9717}.Debug|x64.Build.0 = Debug|x64
		{D4EE2424-29CF-48DB-B65C-6A92DBDC9717}.Debug|x86.ActiveCfg = Debug|Win32
		{D4EE2424-29CF-48DB-B65C-6A92DBDC9717}.Debug|x86.Build.0 = Debug|Win32
		{D4EE2424-29CF-48DB-B65C-6A92DBDC9717}.Release|x64.ActiveCfg = Release|x64
		{D4EE2424-29CF-48DB-B65C-6A92DBDC9717}.Release|x64.Build.0 = Release|x64
		{D4EE2424-29CF-48DB-B65C-6A92DBDC9717}.Release|x86.ActiveCfg = Release|Win32
		{D4EE2424-29CF-48DB-B65C-6A92DBDC9717}.Release|x86.Build.0 = Release|Win32
		{1C03E840-D828-4115-AECF-D80A591C94E8}.Debug|x64.ActiveCfg = Debug|x64
		{1C03E840-D828-4115-AECF-D80A591C94E8}.Debug|x64.Build.0 = Debug|x64
		{1C03E840-D828-4115-AECF-D80A591C94E8}.Debug|x86.ActiveCfg = Debug|Win32
		{1C03E840-D828-4115-AECF-D80A591C94E8}.Debug|x86.Build.0 = Debug|Win32
		{1C03E840-D828-4115-AECF-D80A591C94E8}.Release|x64.ActiveCfg = Release|x64
		{1C03E840-D828-4115-AECF-D80A591C94E8}.Release|x64.Build.0 = Release|x64
		{1C03E840-D828-4115-AECF-D80A591C94E8}.Release|x86.ActiveCfg = Release|Win32
		{1C03E840-D828-4115-AECF-D80A591C94E8}.Release|x86.Build.0 = Release|Win32
	EndGlobalSection
	GlobalSection(SolutionProperties) = preSolution
		HideSolutionNode = FALSE
	EndGlobalSection
	GlobalSection(ExtensibilityGlobals) = postSolution
		SolutionGuid = {967D63CC-2ED8-45AB-84A2-DAD1ED08F47A}
	EndGlobalSection
EndGlobal
